{
  "name": "vite-doc-creator",
  "version": "0.1.0",
  "lockfileVersion": 1,
  "requires": true,
  "dependencies": {
    "marked": {
      "version": "1.2.3",
      "resolved": "https://registry.npm.taobao.org/marked/download/marked-1.2.3.tgz",
      "integrity": "sha1-WIF7o0inyTmMuU1A0S4NCN+Dr1c="
    }
  }
}
